
Microsoft Visual Studio Solution File, Format Version 11.00
# Visual Studio 2010
Project("{FAE04EC0-301F-11D3-BF4B-00C04F79EFBC}") = "QSLib", "QSLib\QSLib.csproj", "{3017B3FB-E752-4450-B7E6-FB7B338DCF6B}"
EndProject
Project("{2150E333-8FDC-42A3-9474-1A3956D46DE8}") = "Solution Items", "Solution Items", "{A98FB974-C00D-4102-99BC-5A92ABEEA491}"
	ProjectSection(SolutionItems) = preProject
		Local.testsettings = Local.testsettings
		QSLib.vsmdi = QSLib.vsmdi
		TraceAndTestImpact.testsettings = TraceAndTestImpact.testsettings
	EndProjectSection
EndProject
Project("{FAE04EC0-301F-11D3-BF4B-00C04F79EFBC}") = "QSForm", "QSForm\QSForm.csproj", "{78B0685C-AD5F-4B7C-97B5-D025D5AB333B}"
EndProject
Project("{FAE04EC0-301F-11D3-BF4B-00C04F79EFBC}") = "ParserTest", "ParserTest\ParserTest.csproj", "{6FD3A325-0FD9-40F5-B4C9-7BA2832D6C84}"
EndProject
Project("{FAE04EC0-301F-11D3-BF4B-00C04F79EFBC}") = "ControlTest", "ControlTest\ControlTest.csproj", "{293A2172-0F4A-4B81-93A8-70B403BF268A}"
EndProject
Global
	GlobalSection(TestCaseManagementSettings) = postSolution
		CategoryFile = QSLib.vsmdi
	EndGlobalSection
	GlobalSection(SolutionConfigurationPlatforms) = preSolution
		Debug|Any CPU = Debug|Any CPU
		Debug|Mixed Platforms = Debug|Mixed Platforms
		Debug|x86 = Debug|x86
		Release|Any CPU = Release|Any CPU
		Release|Mixed Platforms = Release|Mixed Platforms
		Release|x86 = Release|x86
	EndGlobalSection
	GlobalSection(ProjectConfigurationPlatforms) = postSolution
		{3017B3FB-E752-4450-B7E6-FB7B338DCF6B}.Debug|Any CPU.ActiveCfg = Debug|Any CPU
		{3017B3FB-E752-4450-B7E6-FB7B338DCF6B}.Debug|Any CPU.Build.0 = Debug|Any CPU
		{3017B3FB-E752-4450-B7E6-FB7B338DCF6B}.Debug|Mixed Platforms.ActiveCfg = Debug|Any CPU
		{3017B3FB-E752-4450-B7E6-FB7B338DCF6B}.Debug|Mixed Platforms.Build.0 = Debug|Any CPU
		{3017B3FB-E752-4450-B7E6-FB7B338DCF6B}.Debug|x86.ActiveCfg = Debug|Any CPU
		{3017B3FB-E752-4450-B7E6-FB7B338DCF6B}.Release|Any CPU.ActiveCfg = Release|Any CPU
		{3017B3FB-E752-4450-B7E6-FB7B338DCF6B}.Release|Any CPU.Build.0 = Release|Any CPU
		{3017B3FB-E752-4450-B7E6-FB7B338DCF6B}.Release|Mixed Platforms.ActiveCfg = Release|Any CPU
		{3017B3FB-E752-4450-B7E6-FB7B338DCF6B}.Release|Mixed Platforms.Build.0 = Release|Any CPU
		{3017B3FB-E752-4450-B7E6-FB7B338DCF6B}.Release|x86.ActiveCfg = Release|Any CPU
		{78B0685C-AD5F-4B7C-97B5-D025D5AB333B}.Debug|Any CPU.ActiveCfg = Debug|x86
		{78B0685C-AD5F-4B7C-97B5-D025D5AB333B}.Debug|Mixed Platforms.ActiveCfg = Debug|x86
		{78B0685C-AD5F-4B7C-97B5-D025D5AB333B}.Debug|Mixed Platforms.Build.0 = Debug|x86
		{78B0685C-AD5F-4B7C-97B5-D025D5AB333B}.Debug|x86.ActiveCfg = Debug|x86
		{78B0685C-AD5F-4B7C-97B5-D025D5AB333B}.Debug|x86.Build.0 = Debug|x86
		{78B0685C-AD5F-4B7C-97B5-D025D5AB333B}.Release|Any CPU.ActiveCfg = Release|x86
		{78B0685C-AD5F-4B7C-97B5-D025D5AB333B}.Release|Mixed Platforms.ActiveCfg = Release|x86
		{78B0685C-AD5F-4B7C-97B5-D025D5AB333B}.Release|Mixed Platforms.Build.0 = Release|x86
		{78B0685C-AD5F-4B7C-97B5-D025D5AB333B}.Release|x86.ActiveCfg = Release|x86
		{78B0685C-AD5F-4B7C-97B5-D025D5AB333B}.Release|x86.Build.0 = Release|x86
		{6FD3A325-0FD9-40F5-B4C9-7BA2832D6C84}.Debug|Any CPU.ActiveCfg = Debug|Any CPU
		{6FD3A325-0FD9-40F5-B4C9-7BA2832D6C84}.Debug|Any CPU.Build.0 = Debug|Any CPU
		{6FD3A325-0FD9-40F5-B4C9-7BA2832D6C84}.Debug|Mixed Platforms.ActiveCfg = Debug|Any CPU
		{6FD3A325-0FD9-40F5-B4C9-7BA2832D6C84}.Debug|Mixed Platforms.Build.0 = Debug|Any CPU
		{6FD3A325-0FD9-40F5-B4C9-7BA2832D6C84}.Debug|x86.ActiveCfg = Debug|Any CPU
		{6FD3A325-0FD9-40F5-B4C9-7BA2832D6C84}.Release|Any CPU.ActiveCfg = Release|Any CPU
		{6FD3A325-0FD9-40F5-B4C9-7BA2832D6C84}.Release|Any CPU.Build.0 = Release|Any CPU
		{6FD3A325-0FD9-40F5-B4C9-7BA2832D6C84}.Release|Mixed Platforms.ActiveCfg = Release|Any CPU
		{6FD3A325-0FD9-40F5-B4C9-7BA2832D6C84}.Release|Mixed Platforms.Build.0 = Release|Any CPU
		{6FD3A325-0FD9-40F5-B4C9-7BA2832D6C84}.Release|x86.ActiveCfg = Release|Any CPU
		{293A2172-0F4A-4B81-93A8-70B403BF268A}.Debug|Any CPU.ActiveCfg = Debug|x86
		{293A2172-0F4A-4B81-93A8-70B403BF268A}.Debug|Mixed Platforms.ActiveCfg = Debug|x86
		{293A2172-0F4A-4B81-93A8-70B403BF268A}.Debug|Mixed Platforms.Build.0 = Debug|x86
		{293A2172-0F4A-4B81-93A8-70B403BF268A}.Debug|x86.ActiveCfg = Debug|x86
		{293A2172-0F4A-4B81-93A8-70B403BF268A}.Debug|x86.Build.0 = Debug|x86
		{293A2172-0F4A-4B81-93A8-70B403BF268A}.Release|Any CPU.ActiveCfg = Release|x86
		{293A2172-0F4A-4B81-93A8-70B403BF268A}.Release|Mixed Platforms.ActiveCfg = Release|x86
		{293A2172-0F4A-4B81-93A8-70B403BF268A}.Release|Mixed Platforms.Build.0 = Release|x86
		{293A2172-0F4A-4B81-93A8-70B403BF268A}.Release|x86.ActiveCfg = Release|x86
		{293A2172-0F4A-4B81-93A8-70B403BF268A}.Release|x86.Build.0 = Release|x86
	EndGlobalSection
	GlobalSection(SolutionProperties) = preSolution
		HideSolutionNode = FALSE
	EndGlobalSection
EndGlobal
